# This lock file was generated by conda-lock (https://github.com/conda-incubator/conda-lock). DO NOT EDIT!
#
# A "lock file" contains a concrete list of package versions (with checksums) to be installed. Unlike
# e.g. `conda env create`, the resulting environment will not change as new package versions become
# available, unless you explicitly update the lock file.
#
# Install this environment as "YOURENV" with:
#     conda-lock install -n YOURENV --file conda-lock.yml
# To update a single package to the latest version compatible with the version constraints in the source:
#     conda-lock lock --lockfile conda-lock.yml --update PACKAGE
# To re-solve the entire environment, e.g. after changing a version constraint in the source file:
#     conda-lock -f /home/nimish/Downloads/DAG_Processor/environment.yml --lockfile conda-lock.yml
metadata:
  channels:
  - url: conda-forge
    used_env_vars: []
  - url: defaults
    used_env_vars: []
  content_hash:
    linux-64: 8a83b62fe6781459152d936cce40aec10147566c9e7f8500c50203f75fd0441b
  platforms:
  - linux-64
  sources:
  - /home/nimish/Downloads/DAG_Processor/environment.yml
package:
- category: main
  dependencies: {}
  hash:
    md5: aeab635f2cfd266ff89877d8daa56435
    sha256: 476873c6289c3b7320b3fd6c0b31da67aa557abcf5c85a0583150ad4796cc575
  manager: conda
  name: _libgcc_mutex
  optional: false
  platform: linux-64
  url: https://conda.anaconda.org/conda-forge/linux-64/_libgcc_mutex-0.1-main.tar.bz2
  version: '0.1'
- category: main
  dependencies: {}
  hash:
    md5: c320890f77fd1d617fa876e0982002c2
    sha256: e2aa0004ae9907f8c150d4cb3d00f8146b812f7f6906142c5258cca3eb2c7abf
  manager: conda
  name: ca-certificates
  optional: false
  platform: linux-64
  url: https://conda.anaconda.org/conda-forge/linux-64/ca-certificates-2022.6.15-ha878542_0.tar.bz2
  version: 2022.6.15
- category: main
  dependencies: {}
  hash:
    md5: 68eedfd9c06f2b0e6888d8db345b7f5b
    sha256: 0c7a6f340f4a9e15cc99b3c7e11f07c7670a9b881161739edd77753e5530fe31
  manager: conda
  name: ld_impl_linux-64
  optional: false
  platform: linux-64
  url: https://repo.anaconda.com/pkgs/main/linux-64/ld_impl_linux-64-2.38-h1181459_1.conda
  version: '2.38'
- category: main
  dependencies: {}
  hash:
    md5: b02605b875559ff99f04351fd5040760
    sha256: 4d20cbd5dbe47e0dacd298d5cc0745ae19dcd5cd7cfaf937387adc876ee481c7
  manager: conda
  name: libgfortran5
  optional: false
  platform: linux-64
  url: https://conda.anaconda.org/conda-forge/linux-64/libgfortran5-12.1.0-hdcd56e2_16.tar.bz2
  version: 12.1.0
- category: main
  dependencies: {}
  hash:
    md5: 57623d10a70e09e1d048c2b2b6f4e2dd
    sha256: 4da22842de544990e623ed38dfd9b468cc26cc592a102e41bcf45c91bcce9aa2
  manager: conda
  name: libstdcxx-ng
  optional: false
  platform: linux-64
  url: https://repo.anaconda.com/pkgs/main/linux-64/libstdcxx-ng-11.2.0-h1234567_1.conda
  version: 11.2.0
- category: main
  dependencies:
    libgfortran5: 12.1.0 hdcd56e2_16
  hash:
    md5: 6bf15e29a20f614b18ae89368260d0a2
    sha256: 8b9ebde578c74c9e2d93cbe6940a09ee4d0ca4080a0f385bdcd10be536f07abb
  manager: conda
  name: libgfortran-ng
  optional: false
  platform: linux-64
  url: https://conda.anaconda.org/conda-forge/linux-64/libgfortran-ng-12.1.0-h69a702a_16.tar.bz2
  version: 12.1.0
- category: main
  dependencies:
    _libgcc_mutex: 0.1 main
  hash:
    md5: b372c0eea9b60732fdae4b817a63c8cd
    sha256: a1c6e599df45e116af81c36ec4c9efb1793fa3a0b854dd90dd6c8813cd476e90
  manager: conda
  name: libgomp
  optional: false
  platform: linux-64
  url: https://repo.anaconda.com/pkgs/main/linux-64/libgomp-11.2.0-h1234567_1.conda
  version: 11.2.0
- category: main
  dependencies:
    _libgcc_mutex: 0.1 main
    libgomp: '>=7.5.0'
  hash:
    md5: 71d281e9c2192cb3fa425655a8defb85
    sha256: 576011048d23f2e03372263493c5529f802286ff53e8426df99a5b11cc2572f3
  manager: conda
  name: _openmp_mutex
  optional: false
  platform: linux-64
  url: https://repo.anaconda.com/pkgs/main/linux-64/_openmp_mutex-5.1-1_gnu.conda
  version: '5.1'
- category: main
  dependencies:
    _libgcc_mutex: '* main'
    _openmp_mutex: ''
  hash:
    md5: a87728dabf3151fb9cfa990bd2eb0464
    sha256: cdcce11f1c6ca57ba686ab92f3a5c122efe1e0630e00c6ad275624ce79008aa7
  manager: conda
  name: libgcc-ng
  optional: false
  platform: linux-64
  url: https://repo.anaconda.com/pkgs/main/linux-64/libgcc-ng-11.2.0-h1234567_1.conda
  version: 11.2.0
- category: main
  dependencies:
    libgcc-ng: '>=10.3.0'
    libstdcxx-ng: '>=10.3.0'
  hash:
    md5: e1b07832504eeba765d648389cc387a9
    sha256: 0db0e8690f8f7f4543d81e612947962b61518c61036bf7bdb53146f64dfca852
  manager: conda
  name: expat
  optional: false
  platform: linux-64
  url: https://conda.anaconda.org/conda-forge/linux-64/expat-2.4.8-h27087fc_0.tar.bz2
  version: 2.4.8
- category: main
  dependencies:
    libgcc-ng: '>=7.5.0'
  hash:
    md5: ac7bc6a654f8f41b352b38f4051135f8
    sha256: 5d7b6c0ee7743ba41399e9e05a58ccc1cfc903942e49ff6f677f6e423ea7a627
  manager: conda
  name: fribidi
  optional: false
  platform: linux-64
  url: https://conda.anaconda.org/conda-forge/linux-64/fribidi-1.0.10-h36c2ea0_0.tar.bz2
  version: 1.0.10
- category: main
  dependencies:
    libgcc-ng: '>=7.5.0'
    libstdcxx-ng: '>=7.5.0'
  hash:
    md5: 8c54672728e8ec6aa6db90cf2806d220
    sha256: 65da967f3101b737b08222de6a6a14e20e480e7d523a5d1e19ace7b960b5d6b1
  manager: conda
  name: graphite2
  optional: false
  platform: linux-64
  url: https://conda.anaconda.org/conda-forge/linux-64/graphite2-1.3.13-h58526e2_1001.tar.bz2
  version: 1.3.13
- category: main
  dependencies:
    libgcc-ng: '>=7.3.0'
    libstdcxx-ng: '>=7.3.0'
  hash:
    md5: 3749214646d41293022b45ce51386141
    sha256: 63cd43ba3c5cdfbf3a625cdc8b3e130b1bcb109f307d5e48242d4517ab07c2a1
  manager: conda
  name: icu
  optional: false
  platform: linux-64
  url: https://conda.anaconda.org/conda-forge/linux-64/icu-58.2-hf484d3e_1000.tar.bz2
  version: '58.2'
- category: main
  dependencies:
    libgcc-ng: '>=10.3.0'
  hash:
    md5: 4828c7f7208321cfbede4880463f4930
    sha256: 38880f346654488b5dfc1b01cd5e00c94e8cb43ac71a5610c491a0540ec11c7a
  manager: conda
  name: jpeg
  optional: false
  platform: linux-64
  url: https://conda.anaconda.org/conda-forge/linux-64/jpeg-9e-h166bdaf_1.tar.bz2
  version: 9e
- category: main
  dependencies:
    libgcc-ng: '>=7.3.0'
    libstdcxx-ng: '>=7.3.0'
  hash:
    md5: 88a54b8f50e351c650e16f4ee781440c
    sha256: 2cef7c80db19e83a38b6e02110f0e9828d3ef4045c38791d5b01006c44529093
  manager: conda
  name: libffi
  optional: false
  platform: linux-64
  url: https://repo.anaconda.com/pkgs/main/linux-64/libffi-3.3-he6710b0_2.conda
  version: '3.3'
- category: main
  dependencies:
    libgcc-ng: '>=7.5.0'
  hash:
    md5: 5c0f338a513a2943c659ae619fca9211
    sha256: 1ba9d434e982536abbbcd63505276270cb3a62844a0f1b6e52962e70be078abe
  manager: conda
  name: libiconv
  optional: false
  platform: linux-64
  url: https://conda.anaconda.org/conda-forge/linux-64/libiconv-1.16-h516909a_0.tar.bz2
  version: '1.16'
- category: main
  dependencies:
    libgcc-ng: '>=10.3.0'
    libgfortran-ng: ''
    libgfortran5: '>=10.3.0'
  hash:
    md5: 9b6d0781953c9e353faee494336cc229
    sha256: 2e840f4165a62dd826d16e0d51b3928bed46ca33fe943addd52c84f55ccc9551
  manager: conda
  name: libopenblas
  optional: false
  platform: linux-64
  url: https://conda.anaconda.org/conda-forge/linux-64/libopenblas-0.3.20-pthreads_h78a6416_0.tar.bz2
  version: 0.3.20
- category: main
  dependencies:
    libgcc-ng: '>=9.4.0'
  hash:
    md5: 16e143a1ed4b4fd169536373957f6fee
    sha256: eadbb80c922dce355c0f8f7fc560f20f61263245799d076a1d5251d147d0d250
  manager: conda
  name: libtool
  optional: false
  platform: linux-64
  url: https://conda.anaconda.org/conda-forge/linux-64/libtool-2.4.6-h9c3ff4c_1008.tar.bz2
  version: 2.4.6
- category: main
  dependencies:
    libgcc-ng: '>=9.3.0'
  hash:
    md5: 772d69f030955d9646d3d0eaf21d859d
    sha256: 54f118845498353c936826f8da79b5377d23032bcac8c4a02de2019e26c3f6b3
  manager: conda
  name: libuuid
  optional: false
  platform: linux-64
  url: https://conda.anaconda.org/conda-forge/linux-64/libuuid-2.32.1-h7f98852_1000.tar.bz2
  version: 2.32.1
- category: main
  dependencies:
    libgcc-ng: '>=11.2.0'
  hash:
    md5: 0c616f387885c1bbb57ec0bd1e779ced
    sha256: 4ce599f76d1e2704209eee1f6b1a05a8a5a679ae7bb02c2bab915cf6d694196f
  manager: conda
  name: ncurses
  optional: false
  platform: linux-64
  url: https://repo.anaconda.com/pkgs/main/linux-64/ncurses-6.3-h5eee18b_3.conda
  version: '6.3'
- category: main
  dependencies:
    ca-certificates: ''
    libgcc-ng: '>=10.3.0'
  hash:
    md5: 6172048796b123e542945d998f5150b7
    sha256: 83220dba1fa87708e7af3bd4d3c5eb295ed370d3c4177647978d67c96af668be
  manager: conda
  name: openssl
  optional: false
  platform: linux-64
  url: https://conda.anaconda.org/conda-forge/linux-64/openssl-1.1.1o-h166bdaf_0.tar.bz2
  version: 1.1.1o
- category: main
  dependencies:
    libgcc-ng: '>=9.3.0'
    libstdcxx-ng: '>=9.3.0'
  hash:
    md5: c05d1820a6d34ff07aaaab7a9b7eddaa
    sha256: 8f35c244b1631a4f31fb1d66ab6e1d9bfac0ca9b679deced1112c7225b3ad138
  manager: conda
  name: pcre
  optional: false
  platform: linux-64
  url: https://conda.anaconda.org/conda-forge/linux-64/pcre-8.45-h9c3ff4c_0.tar.bz2
  version: '8.45'
- category: main
  dependencies:
    libgcc-ng: '>=7.3.0'
  hash:
    md5: 7c0b1414e5af196415f7808fbd704143
    sha256: 60ef8a4bb9672a15c188ac1d7f722c78b909752e258e66732228f97f7b382f30
  manager: conda
  name: pixman
  optional: false
  platform: linux-64
  url: https://conda.anaconda.org/conda-forge/linux-64/pixman-0.38.0-h516909a_1003.tar.bz2
  version: 0.38.0
- category: main
  dependencies:
    libgcc-ng: '>=7.5.0'
  hash:
    md5: 22dad4df6e8630e8dff2428f6f6a7036
    sha256: 67c84822f87b641d89df09758da498b2d4558d47b920fd1d3fe6d3a871e000ff
  manager: conda
  name: pthread-stubs
  optional: false
  platform: linux-64
  url: https://conda.anaconda.org/conda-forge/linux-64/pthread-stubs-0.4-h36c2ea0_1001.tar.bz2
  version: '0.4'
- category: main
  dependencies:
    libgcc-ng: '>=9.3.0'
  hash:
    md5: 4b230e8381279d76131116660f5a241a
    sha256: e90b0a6a5d41776f11add74aa030f789faf4efd3875c31964d6f9cfa63a10dd1
  manager: conda
  name: xorg-kbproto
  optional: false
  platform: linux-64
  url: https://conda.anaconda.org/conda-forge/linux-64/xorg-kbproto-1.0.7-h7f98852_1002.tar.bz2
  version: 1.0.7
- category: main
  dependencies:
    libgcc-ng: '>=9.3.0'
  hash:
    md5: d6b0b50b49eccfe0be0373be628be0f3
    sha256: f15ce1dff16823888bcc2be1738aadcb36699be1e2dd2afa347794c7ec6c1587
  manager: conda
  name: xorg-libice
  optional: false
  platform: linux-64
  url: https://conda.anaconda.org/conda-forge/linux-64/xorg-libice-1.0.10-h7f98852_0.tar.bz2
  version: 1.0.10
- category: main
  dependencies:
    libgcc-ng: '>=9.3.0'
  hash:
    md5: bf6f803a544f26ebbdc3bfff272eb179
    sha256: 9e9b70c24527289ac7ae31925d1eb3b0c1e9a78cb7b8f58a3110cc8bbfe51c26
  manager: conda
  name: xorg-libxau
  optional: false
  platform: linux-64
  url: https://conda.anaconda.org/conda-forge/linux-64/xorg-libxau-1.0.9-h7f98852_0.tar.bz2
  version: 1.0.9
- category: main
  dependencies:
    libgcc-ng: '>=9.3.0'
  hash:
    md5: be93aabceefa2fac576e971aef407908
    sha256: 4df7c5ee11b8686d3453e7f3f4aa20ceef441262b49860733066c52cfd0e4a77
  manager: conda
  name: xorg-libxdmcp
  optional: false
  platform: linux-64
  url: https://conda.anaconda.org/conda-forge/linux-64/xorg-libxdmcp-1.1.3-h7f98852_0.tar.bz2
  version: 1.1.3
- category: main
  dependencies:
    libgcc-ng: '>=9.3.0'
  hash:
    md5: 06feff3d2634e3097ce2fe681474b534
    sha256: 38942930f233d1898594dd9edf4b0c0786f3dbc12065a0c308634c37fd936034
  manager: conda
  name: xorg-renderproto
  optional: false
  platform: linux-64
  url: https://conda.anaconda.org/conda-forge/linux-64/xorg-renderproto-0.11.1-h7f98852_1002.tar.bz2
  version: 0.11.1
- category: main
  dependencies:
    libgcc-ng: '>=9.3.0'
  hash:
    md5: 1e15f6ad85a7d743a2ac68dae6c82b98
    sha256: d45c4d1c8372c546711eb3863c76d899d03a67c3edb3b5c2c46c9492814cbe03
  manager: conda
  name: xorg-xextproto
  optional: false
  platform: linux-64
  url: https://conda.anaconda.org/conda-forge/linux-64/xorg-xextproto-7.3.0-h7f98852_1002.tar.bz2
  version: 7.3.0
- category: main
  dependencies:
    libgcc-ng: '>=9.3.0'
  hash:
    md5: b4a4381d54784606820704f7b5f05a15
    sha256: f197bb742a17c78234c24605ad1fe2d88b1d25f332b75d73e5ba8cf8fbc2a10d
  manager: conda
  name: xorg-xproto
  optional: false
  platform: linux-64
  url: https://conda.anaconda.org/conda-forge/linux-64/xorg-xproto-7.0.31-h7f98852_1007.tar.bz2
  version: 7.0.31
- category: main
  dependencies:
    libgcc-ng: '>=7.5.0'
  hash:
    md5: 5d01fcf310bf465237f6b95a019d73bc
    sha256: 3aebdee7910426ecbecd5e67c3759dfb68d21c9d24c0f093ccbdda42cc23b23c
  manager: conda
  name: xz
  optional: false
  platform: linux-64
  url: https://repo.anaconda.com/pkgs/main/linux-64/xz-5.2.5-h7f8727e_1.conda
  version: 5.2.5
- category: main
  dependencies:
    libgcc-ng: '>=7.5.0'
  hash:
    md5: 4f4080e9939f082332cd8be7fedad087
    sha256: d4aa8bdf122d3a53845db459d343c8b21ba51907d3c8dc5d2df3ff22dc98c6ca
  manager: conda
  name: zlib
  optional: false
  platform: linux-64
  url: https://repo.anaconda.com/pkgs/main/linux-64/zlib-1.2.12-h7f8727e_2.conda
  version: 1.2.12
- category: main
  dependencies:
    libffi: '>=3.3,<3.4.0a0'
    libgcc-ng: '>=9.3.0'
  hash:
    md5: ff6f69b593a9e74c0e6b61908ac513fa
    sha256: 8394c7e769ebe3d3dcadf7dc290c9b04ff9028174a2ecd839ea980665ccd1bf8
  manager: conda
  name: gettext
  optional: false
  platform: linux-64
  url: https://conda.anaconda.org/conda-forge/linux-64/gettext-0.19.8.1-h0b5b191_1005.tar.bz2
  version: 0.19.8.1
- category: main
  dependencies:
    libopenblas: '>=0.3.20,<1.0a0'
  hash:
    md5: 04eb983975a1be3e57d6d667414cd774
    sha256: fad1fafee244f0632b887bc958f48b7ee2aa7949cf647ed641df8bdaa81d5070
  manager: conda
  name: libblas
  optional: false
  platform: linux-64
  url: https://conda.anaconda.org/conda-forge/linux-64/libblas-3.9.0-15_linux64_openblas.tar.bz2
  version: 3.9.0
- category: main
  dependencies:
    libgcc-ng: '>=7.5.0'
    zlib: '>=1.2.11,<1.3.0a0'
  hash:
    md5: b6acf807307d033d4b7e758b4f44b036
    sha256: 9f2af351ecd913ba5868820329a4202f55b6c1898b3e75d49c64d9c7f83bf40c
  manager: conda
  name: libpng
  optional: false
  platform: linux-64
  url: https://conda.anaconda.org/conda-forge/linux-64/libpng-1.6.37-h21135ba_2.tar.bz2
  version: 1.6.37
- category: main
  dependencies:
    jpeg: '>=9c,<10a'
    libgcc-ng: '>=7.3.0'
    libstdcxx-ng: '>=7.3.0'
    xz: '>=5.2.4,<5.3.0a0'
    zlib: '>=1.2.11,<1.3.0a0'
  hash:
    md5: 075efa5d19b62b54432a5aa86fdf464f
    sha256: 60577b16cc0e3ceb3a2c8c85546fcbfd979b8af95e764c9959e3f0fef647a2bc
  manager: conda
  name: libtiff
  optional: false
  platform: linux-64
  url: https://conda.anaconda.org/conda-forge/linux-64/libtiff-4.0.9-h648cc4a_1002.tar.bz2
  version: 4.0.9
- category: main
  dependencies:
    libgcc-ng: '>=9.4.0'
    pthread-stubs: ''
    xorg-libxau: ''
    xorg-libxdmcp: ''
  hash:
    md5: b3653fdc58d03face9724f602218a904
    sha256: 8d5d24cbeda9282dd707edd3156e5fde2e3f3fe86c802fa7ce08c8f1e803bfd9
  manager: conda
  name: libxcb
  optional: false
  platform: linux-64
  url: https://conda.anaconda.org/conda-forge/linux-64/libxcb-1.13-h7f98852_1004.tar.bz2
  version: '1.13'
- category: main
  dependencies:
    icu: '>=58.2,<59.0a0'
    libgcc-ng: '>=7.3.0'
    libiconv: '>=1.15,<1.17.0a0'
    xz: '>=5.2.4,<5.3.0a0'
    zlib: '>=1.2.11,<1.3.0a0'
  hash:
    md5: 083a2da17cdca5e6f2bdc9d05a189baf
    sha256: 01a96bc2da770e3164e040ea72cfd917b475e54dfef9daf81851098d0663f062
  manager: conda
  name: libxml2
  optional: false
  platform: linux-64
  url: https://conda.anaconda.org/conda-forge/linux-64/libxml2-2.9.9-h13577e0_2.tar.bz2
  version: 2.9.9
- category: main
  dependencies:
    libgcc-ng: '>=7.5.0'
    ncurses: '>=6.3,<7.0a0'
  hash:
    md5: ea33f478fea12406f394944e7e4f3d20
    sha256: ab74641903ecb92f45c392cffe5bbb712208854c6ea20ab86b65dd4dfc1b1beb
  manager: conda
  name: readline
  optional: false
  platform: linux-64
  url: https://repo.anaconda.com/pkgs/main/linux-64/readline-8.1.2-h7f8727e_1.conda
  version: 8.1.2
- category: main
  dependencies:
    libgcc-ng: '>=7.5.0'
    zlib: '>=1.2.12,<1.3.0a0'
  hash:
    md5: fa10ff4aa631fa4aa090a6234d7770b9
    sha256: 566579b236dff05c97b56857a808e192f2b7d420dad728b3d7e95fb553a3ce02
  manager: conda
  name: tk
  optional: false
  platform: linux-64
  url: https://repo.anaconda.com/pkgs/main/linux-64/tk-8.6.12-h1ccaba5_0.conda
  version: 8.6.12
- category: main
  dependencies:
    libgcc-ng: '>=9.3.0'
    libuuid: '>=2.32.1,<3.0a0'
    xorg-libice: 1.0.*
  hash:
    md5: 9e856f78d5c80d5a78f61e72d1d473a3
    sha256: bdb350539521ddc1f30cc721b6604eced8ef72a0ec146e378bfe89e2be17ab35
  manager: conda
  name: xorg-libsm
  optional: false
  platform: linux-64
  url: https://conda.anaconda.org/conda-forge/linux-64/xorg-libsm-1.2.3-hd9c2040_1000.tar.bz2
  version: 1.2.3
- category: main
  dependencies:
    libgcc-ng: '>=9.3.0'
    libpng: '>=1.6.37,<1.7.0a0'
    zlib: '>=1.2.11,<1.3.0a0'
  hash:
    md5: 4a06f2ac2e5bfae7b6b245171c3f07aa
    sha256: 08732cadeccd43e9dc9805f4df16186a5124804cfdb13c75732ed7999630da3c
  manager: conda
  name: freetype
  optional: false
  platform: linux-64
  url: https://conda.anaconda.org/conda-forge/linux-64/freetype-2.10.4-h0708190_1.tar.bz2
  version: 2.10.4
- category: main
  dependencies:
    libblas: 3.9.0 15_linux64_openblas
  hash:
    md5: f45968428e445fd0c6472b561145812a
    sha256: 29596f838fa754ab1f77b270283fdc5bd5be87326999905b4dc7df0118613488
  manager: conda
  name: libcblas
  optional: false
  platform: linux-64
  url: https://conda.anaconda.org/conda-forge/linux-64/libcblas-3.9.0-15_linux64_openblas.tar.bz2
  version: 3.9.0
- category: main
  dependencies:
    gettext: '>=0.19.8.1,<1.0a0'
    libffi: '>=3.3,<3.4.0a0'
    libgcc-ng: '>=9.4.0'
    libiconv: '>=1.16,<1.17.0a0'
    libstdcxx-ng: '>=9.4.0'
    pcre: '>=8.45,<9.0a0'
    zlib: '>=1.2.11,<1.3.0a0'
  hash:
    md5: 23767bef4fd0fb2bda64405df72c9454
    sha256: be3cb15ddabaccd0114cb8cd126a32587485370c1489e86714ef405565a85c7d
  manager: conda
  name: libglib
  optional: false
  platform: linux-64
  url: https://conda.anaconda.org/conda-forge/linux-64/libglib-2.68.4-h3e27bee_0.tar.bz2
  version: 2.68.4
- category: main
  dependencies:
    libblas: 3.9.0 15_linux64_openblas
  hash:
    md5: b7078220384b8bf8db1a45e66412ac4f
    sha256: aba2064996cb697f3f557e1b5acc426a0a5c506299cc422be63b94597bcebb65
  manager: conda
  name: liblapack
  optional: false
  platform: linux-64
  url: https://conda.anaconda.org/conda-forge/linux-64/liblapack-3.9.0-15_linux64_openblas.tar.bz2
  version: 3.9.0
- category: main
  dependencies:
    libgcc-ng: '>=11.2.0'
    readline: '>=8.0,<9.0a0'
    zlib: '>=1.2.12,<1.3.0a0'
  hash:
    md5: 094229a2e1eff038c38f3c34db9c48ce
    sha256: 62a4ac40a681d00f6fda2b812796dc7224b8a0d77e5dcf4a9c6e199b805ade6a
  manager: conda
  name: sqlite
  optional: false
  platform: linux-64
  url: https://repo.anaconda.com/pkgs/main/linux-64/sqlite-3.39.2-h5082296_0.conda
  version: 3.39.2
- category: main
  dependencies:
    libgcc-ng: '>=9.3.0'
    libxcb: 1.*
    xorg-kbproto: ''
    xorg-xproto: ''
  hash:
    md5: 12a61e640b8894504326aadafccbb790
    sha256: ec4641131e3afcb4b34614a5fa298efb34f54c2b2960bf9a73a8d202140d47c4
  manager: conda
  name: xorg-libx11
  optional: false
  platform: linux-64
  url: https://conda.anaconda.org/conda-forge/linux-64/xorg-libx11-1.7.2-h7f98852_0.tar.bz2
  version: 1.7.2
- category: main
  dependencies:
    expat: '>=2.4.8,<3.0a0'
    freetype: '>=2.10.4,<3.0a0'
    libgcc-ng: '>=10.3.0'
    libuuid: '>=2.32.1,<3.0a0'
  hash:
    md5: f314f79031fec74adc9bff50fbaffd89
    sha256: 1c61c8cb71d62caddc4f7300936fee16eb3e63d964e1e8555a3d18761e4f461b
  manager: conda
  name: fontconfig
  optional: false
  platform: linux-64
  url: https://conda.anaconda.org/conda-forge/linux-64/fontconfig-2.14.0-h8e229c2_0.tar.bz2
  version: 2.14.0
- category: main
  dependencies:
    libgcc-ng: '>=9.4.0'
    libglib: 2.68.4 h3e27bee_0
    libstdcxx-ng: '>=9.4.0'
  hash:
    md5: 1e3e305bf1db79b99c3255b557751519
    sha256: 8e48b90a829137572ccd043629c7e1b8a6201e396675be93e24ca73f8ec2d98d
  manager: conda
  name: glib-tools
  optional: false
  platform: linux-64
  url: https://conda.anaconda.org/conda-forge/linux-64/glib-tools-2.68.4-h9c3ff4c_0.tar.bz2
  version: 2.68.4
- category: main
  dependencies:
    ld_impl_linux-64: ''
    libffi: '>=3.3,<3.4.0a0'
    libgcc-ng: '>=7.3.0'
    ncurses: '>=6.2,<7.0a0'
    openssl: '>=1.1.1g,<1.1.2a'
    readline: '>=8.0,<9.0a0'
    sqlite: '>=3.31.1,<4.0a0'
    tk: '>=8.6.8,<8.7.0a0'
    xz: '>=5.2.5,<6.0a0'
    zlib: '>=1.2.11,<1.3.0a0'
  hash:
    md5: c5ae8ebfd690edb055f6dafdfa0c9aff
    sha256: b6096bdcc86abf5e2c564614d0b5fdd5a432f321869e3e56f7ccae37b2eb0156
  manager: conda
  name: python
  optional: false
  platform: linux-64
  url: https://repo.anaconda.com/pkgs/main/linux-64/python-3.7.7-hcff3b4d_5.conda
  version: 3.7.7
- category: main
  dependencies:
    libgcc-ng: '>=9.3.0'
    xorg-libx11: '>=1.7.0,<2.0a0'
    xorg-xextproto: ''
  hash:
    md5: 536cc5db4d0a3ba0630541aec064b5e4
    sha256: cf47ccbf49d46189d7bdadeac1387c826be82deb92ce6badbb03baae4b67ed26
  manager: conda
  name: xorg-libxext
  optional: false
  platform: linux-64
  url: https://conda.anaconda.org/conda-forge/linux-64/xorg-libxext-1.3.4-h7f98852_1.tar.bz2
  version: 1.3.4
- category: main
  dependencies:
    libgcc-ng: '>=9.3.0'
    xorg-libx11: '>=1.7.0,<2.0a0'
    xorg-renderproto: ''
  hash:
    md5: f59c1242cc1dd93e72c2ee2b360979eb
    sha256: 7d907ed9e2ec5af5d7498fb3ab744accc298914ae31497ab6dcc6ef8bd134d00
  manager: conda
  name: xorg-libxrender
  optional: false
  platform: linux-64
  url: https://conda.anaconda.org/conda-forge/linux-64/xorg-libxrender-0.9.10-h7f98852_1003.tar.bz2
  version: 0.9.10
- category: main
  dependencies:
    libgcc-ng: '>=9.3.0'
    xorg-kbproto: ''
    xorg-libice: 1.0.*
    xorg-libsm: 1.2.*
    xorg-libx11: '>=1.7.0,<2.0a0'
    xorg-xproto: ''
  hash:
    md5: 60d6eec5273f1c9af096c10c268912e3
    sha256: 25bfc4d86df3498b88aac2f02ecf65e739bf99a687805c31a635df6f2e60a163
  manager: conda
  name: xorg-libxt
  optional: false
  platform: linux-64
  url: https://conda.anaconda.org/conda-forge/linux-64/xorg-libxt-1.2.1-h7f98852_2.tar.bz2
  version: 1.2.1
- category: main
  dependencies:
    python: '>=3.6'
  hash:
    md5: a50559fad0affdbb33729a68669ca1cb
    sha256: 3b594bc8aa0b9a51269d54c7a4ef6af777d7fad4bee16b05695e1124de6563f6
  manager: conda
  name: cycler
  optional: false
  platform: linux-64
  url: https://conda.anaconda.org/conda-forge/noarch/cycler-0.11.0-pyhd8ed1ab_0.tar.bz2
  version: 0.11.0
- category: main
  dependencies:
    python: '>=3.5'
  hash:
    md5: 43afe5ab04e35e17ba28649471dd7364
    sha256: 328a6a379f9bdfd0230e51de291ce858e6479411ea4b0545fb377c71662ef3e2
  manager: conda
  name: decorator
  optional: false
  platform: linux-64
  url: https://conda.anaconda.org/conda-forge/noarch/decorator-5.1.1-pyhd8ed1ab_0.tar.bz2
  version: 5.1.1
- category: main
  dependencies:
    gettext: '>=0.19.8.1,<1.0a0'
    glib-tools: 2.68.4 h9c3ff4c_0
    libgcc-ng: '>=9.4.0'
    libglib: 2.68.4 h3e27bee_0
    libstdcxx-ng: '>=9.4.0'
    python: '*'
  hash:
    md5: 8b8a2eca3496b279cd4f45888490437f
    sha256: c4d12084afdaed3db189d7f273d0cdc48bad2928f01ef6bf7e6fc53af91257b1
  manager: conda
  name: glib
  optional: false
  platform: linux-64
  url: https://conda.anaconda.org/conda-forge/linux-64/glib-2.68.4-h9c3ff4c_0.tar.bz2
  version: 2.68.4
- category: main
  dependencies:
    python: '>=3.6'
  hash:
    md5: e8fbc1b54b25f4b08281467bc13b70cc
    sha256: 4acc7151cef5920d130f2e0a7615559cce8bfb037aeecb14d4d359ae3d9bc51b
  manager: conda
  name: pyparsing
  optional: false
  platform: linux-64
  url: https://conda.anaconda.org/conda-forge/noarch/pyparsing-3.0.9-pyhd8ed1ab_0.tar.bz2
  version: 3.0.9
- category: main
  dependencies:
    python: 3.7.*
  hash:
    md5: afff88bf9a7048da740c70aeb8cdbb82
    sha256: f8f84cf76e9a8a49becf147354d9946ede90388665d3aad4d1ce7a5ebd193526
  manager: conda
  name: python_abi
  optional: false
  platform: linux-64
  url: https://conda.anaconda.org/conda-forge/linux-64/python_abi-3.7-2_cp37m.tar.bz2
  version: '3.7'
- category: main
  dependencies:
    python: '>=3.6'
  hash:
    md5: 974bca71d00364630f63f31fa7e059cb
    sha256: 8e5c8bc3508e8995431e94c5019405ac5c4e7612bb2c9ea372340f2b7d91e8c5
  manager: conda
  name: pytz
  optional: false
  platform: linux-64
  url: https://conda.anaconda.org/conda-forge/noarch/pytz-2022.2.1-pyhd8ed1ab_0.tar.bz2
  version: 2022.2.1
- category: main
  dependencies:
    libgcc-ng: '>=7.3.0'
    libstdcxx-ng: '>=7.3.0'
    python: '>=3.7,<3.8.0a0'
  hash:
    md5: 895d4fd4df8e196d48416de936e3ee74
    sha256: 2202b6e04af82189738648b068dc9056d72b6afdaddf8fbc26a9f1f4c943b545
  manager: conda
  name: sip
  optional: false
  platform: linux-64
  url: https://conda.anaconda.org/conda-forge/linux-64/sip-4.19.8-py37hf484d3e_1000.tar.bz2
  version: 4.19.8
- category: main
  dependencies:
    python: ''
  hash:
    md5: e5f25f8dbc060e9a8d912e432202afc2
    sha256: a85c38227b446f42c5b90d9b642f2c0567880c15d72492d8da074a59c8f91dd6
  manager: conda
  name: six
  optional: false
  platform: linux-64
  url: https://conda.anaconda.org/conda-forge/noarch/six-1.16.0-pyh6c4a22f_0.tar.bz2
  version: 1.16.0
- category: main
  dependencies:
    python: '>=3.6'
  hash:
    md5: 2a28d2137388d7c6a903f29319f262bc
    sha256: 3fb90b405a557c03cf02d77684ee305f21f27f9ff127ae9f099c1c29e8e975be
  manager: conda
  name: termcolor
  optional: false
  platform: linux-64
  url: https://conda.anaconda.org/conda-forge/noarch/termcolor-1.1.0-pyhd8ed1ab_3.tar.bz2
  version: 1.1.0
- category: main
  dependencies:
    python: '>=3.7'
  hash:
    md5: a9d85960bc62d53cc4ea0d1d27f73c98
    sha256: 1fe5b48aa997616a7537de4d05c0b7fd11b712895e35493cac7604e8d5f97ad7
  manager: conda
  name: typing_extensions
  optional: false
  platform: linux-64
  url: https://conda.anaconda.org/conda-forge/noarch/typing_extensions-4.3.0-pyha770c72_0.tar.bz2
  version: 4.3.0
- category: main
  dependencies:
    python: '!=3.0,!=3.1,!=3.2,!=3.3,!=3.4'
  hash:
    md5: 1ca02aaf78d9c70d9a81a3bed5752022
    sha256: aede66e6370f3b936164a703e48362f9080d7162234058fb2ee63cc84d528afc
  manager: conda
  name: wheel
  optional: false
  platform: linux-64
  url: https://conda.anaconda.org/conda-forge/noarch/wheel-0.37.1-pyhd8ed1ab_0.tar.bz2
  version: 0.37.1
- category: main
  dependencies:
    gettext: '>=0.19.8.1,<1.0a0'
    libgcc-ng: '>=9.3.0'
    xorg-libx11: '>=1.7.0,<2.0a0'
    xorg-libxext: 1.3.*
    xorg-libxt: '>=1.2.1,<2.0a0'
    xorg-xextproto: ''
    xorg-xproto: ''
  hash:
    md5: 2bbe4b67a97c9d18a807598941fc3b4c
    sha256: 298b6d4ffcf94ae94e7de72fa836e13f69b03dbc13799ece61b0adb270688aac
  manager: conda
  name: xorg-libxpm
  optional: false
  platform: linux-64
  url: https://conda.anaconda.org/conda-forge/linux-64/xorg-libxpm-3.5.13-h7f98852_0.tar.bz2
  version: 3.5.13
- category: main
  dependencies:
    fontconfig: '>=2.13.1,<3.0a0'
    freetype: '>=2.9.1,<3.0a0'
    glib: '>=2.58.3,<3.0a0'
    icu: '>=58.2,<59.0a0'
    libgcc-ng: '>=7.3.0'
    libpng: '>=1.6.35,<1.7.0a0'
    libxcb: ''
    pixman: '>=0.38.0,<0.39.0a0'
    xorg-libice: ''
    xorg-libsm: ''
    xorg-libx11: ''
    xorg-libxext: ''
    xorg-libxrender: ''
    zlib: '>=1.2.11,<1.3.0a0'
  hash:
    md5: c82ead342a0697953d3dbf00e5c44dd0
    sha256: 5caa4ee31996fbe681a8f1d09383a9ec6d02f3afdbb1ee445a670cf3e9075f44
  manager: conda
  name: cairo
  optional: false
  platform: linux-64
  url: https://conda.anaconda.org/conda-forge/linux-64/cairo-1.16.0-h18b612c_1001.tar.bz2
  version: 1.16.0
- category: main
  dependencies:
    python: '>=3.7,<3.8.0a0'
    python_abi: 3.7.* *_cp37m
  hash:
    md5: 594adc93177a269d5b88c557aa8b6212
    sha256: 5aea9071a32be5ffde2da62241f73b5fe2cd38303ba2b52d5937af79acf0ba31
  manager: conda
  name: certifi
  optional: false
  platform: linux-64
  url: https://conda.anaconda.org/conda-forge/linux-64/certifi-2022.6.15-py37h89c1867_0.tar.bz2
  version: 2022.6.15
- category: main
  dependencies:
    expat: '>=2.3.0,<3.0.0a0'
    glib: ''
    libgcc-ng: '>=9.3.0'
    libglib: '>=2.68.0,<3.0a0'
  hash:
    md5: eba672c69baf366fdedd1c6f702dbb81
    sha256: 39092eb6675b9ad4dcbc31e1ec42fb4e01a71eab4e51768e413bb7aafdbfee95
  manager: conda
  name: dbus
  optional: false
  platform: linux-64
  url: https://conda.anaconda.org/conda-forge/linux-64/dbus-1.13.6-h48d8840_2.tar.bz2
  version: 1.13.6
- category: main
  dependencies:
    glib: '>=2.66.1,<3.0a0'
    libgcc-ng: '>=7.3.0'
  hash:
    md5: 6af5d0cbd7310e1cd8a6a5c1c99649b2
    sha256: 254b4fe8b685fc293c250ca239d0be03e95f3d909972827fc472129ca2590d85
  manager: conda
  name: gstreamer
  optional: false
  platform: linux-64
  url: https://repo.anaconda.com/pkgs/main/linux-64/gstreamer-1.14.0-h28cd5cc_2.conda
  version: 1.14.0
- category: main
  dependencies:
    libblas: '>=3.8.0,<4.0a0'
    libcblas: '>=3.8.0,<4.0a0'
    libgcc-ng: '>=9.3.0'
    liblapack: '>=3.8.0,<4.0a0'
    python: '>=3.7,<3.8.0a0'
    python_abi: 3.7.* *_cp37m
  hash:
    md5: 6773487cb6f428defe5f3183207e488c
    sha256: 486355855c28eb9eec0855d2dbe6f78bae05f3ce5d00f7af710ebb2789e0f7d3
  manager: conda
  name: numpy
  optional: false
  platform: linux-64
  url: https://conda.anaconda.org/conda-forge/linux-64/numpy-1.19.4-py37haa41c4c_2.tar.bz2
  version: 1.19.4
- category: main
  dependencies:
    pyparsing: '>=2.0.2,!=3.0.5'
    python: '>=3.6'
  hash:
    md5: 71f1ab2de48613876becddd496371c85
    sha256: 8322a9e93e2e09fbf2103f0d37c9287b7b97387125abadd6db26686084893540
  manager: conda
  name: packaging
  optional: false
  platform: linux-64
  url: https://conda.anaconda.org/conda-forge/noarch/packaging-21.3-pyhd8ed1ab_0.tar.bz2
  version: '21.3'
- category: main
  dependencies:
    python: '>=3.6'
    six: '>=1.5'
  hash:
    md5: dd999d1cc9f79e67dbb855c8924c7984
    sha256: 54d7785c7678166aa45adeaccfc1d2b8c3c799ca2dc05d4a82bb39b1968bd7da
  manager: conda
  name: python-dateutil
  optional: false
  platform: linux-64
  url: https://conda.anaconda.org/conda-forge/noarch/python-dateutil-2.8.2-pyhd8ed1ab_0.tar.bz2
  version: 2.8.2
- category: main
  dependencies:
    libgcc-ng: '>=10.3.0'
    python: '>=3.7,<3.8.0a0'
    python_abi: 3.7.* *_cp37m
  hash:
    md5: cefcf010486b0fae86a5925665bcd260
    sha256: 819559a0ffa35c96a478a9c3eecc646107cb3c2f6d00c75ca42b14d00cf22ba5
  manager: conda
  name: tornado
  optional: false
  platform: linux-64
  url: https://conda.anaconda.org/conda-forge/linux-64/tornado-6.1-py37h540881e_3.tar.bz2
  version: '6.1'
- category: main
  dependencies:
    typing_extensions: 4.3.0 pyha770c72_0
  hash:
    md5: f3e98e944832fb271a0dbda7b7771dc6
    sha256: 57ea0e9a150b698f5a7b21b12987da7c321bb331fd07116ecced24eb1e056d2f
  manager: conda
  name: typing-extensions
  optional: false
  platform: linux-64
  url: https://conda.anaconda.org/conda-forge/noarch/typing-extensions-4.3.0-hd8ed1ab_0.tar.bz2
  version: 4.3.0
- category: main
  dependencies:
    glib: '>=2.56.1,<3.0a0'
    gstreamer: '>=1.14.0,<2.0a0'
    libgcc-ng: '>=7.2.0'
    libstdcxx-ng: '>=7.2.0'
    libxcb: '>=1.13,<2.0a0'
    xz: '>=5.2.3,<6.0a0'
    zlib: '>=1.2.11,<1.3.0a0'
  hash:
    md5: 4461ffa28478fe3ca9d0bea4e3395ed8
    sha256: 9f9841880835a667d9312eff26fb31d14d53b1d1db193651a087d48d9a90007d
  manager: conda
  name: gst-plugins-base
  optional: false
  platform: linux-64
  url: https://repo.anaconda.com/pkgs/main/linux-64/gst-plugins-base-1.14.0-hbbd80ab_1.conda
  version: 1.14.0
- category: main
  dependencies:
    cairo: '>=1.16.0,<1.17.0a0'
    freetype: '>=2.9.1,<3.0a0'
    glib: '>=2.58.3,<3.0a0'
    graphite2: ''
    icu: '>=58.2,<59.0a0'
    libgcc-ng: '>=7.3.0'
    libstdcxx-ng: '>=7.3.0'
  hash:
    md5: ad5cb59b1ffe9f4bf015379fe79b2130
    sha256: 57a46b712db69bff1f394c803373176220ba8b1d985cbe0be332d6c5d014f2a3
  manager: conda
  name: harfbuzz
  optional: false
  platform: linux-64
  url: https://conda.anaconda.org/conda-forge/linux-64/harfbuzz-2.4.0-h37c48d4_1.tar.bz2
  version: 2.4.0
- category: main
  dependencies:
    libgcc-ng: '>=10.3.0'
    libstdcxx-ng: '>=10.3.0'
    python: '>=3.7,<3.8.0a0'
    python_abi: 3.7.* *_cp37m
    typing-extensions: ''
  hash:
    md5: 3662ee7448c50346d2c0ca7243af3d4c
    sha256: 9bef70a3dbc72f4580fcb4e5b89b727b5f2b4aee9754dc2bcc0d122a16af1453
  manager: conda
  name: kiwisolver
  optional: false
  platform: linux-64
  url: https://conda.anaconda.org/conda-forge/linux-64/kiwisolver-1.4.2-py37h7cecad7_1.tar.bz2
  version: 1.4.2
- category: main
  dependencies:
    libgcc-ng: '>=7.3.0'
    libstdcxx-ng: '>=7.3.0'
    numpy: '>=1.16.6,<2.0a0'
    python: '>=3.7,<3.8.0a0'
    python-dateutil: '>=2.7.3'
    pytz: '>=2017.2'
  hash:
    md5: 5caac245fdba4cb08a3043f9543b2889
    sha256: 1a6129f02d621ee99d18c693d7f6db1396e852f7ffd62746536270d4238d83d0
  manager: conda
  name: pandas
  optional: false
  platform: linux-64
  url: https://repo.anaconda.com/pkgs/main/linux-64/pandas-1.2.0-py37ha9443f7_0.conda
  version: 1.2.0
- category: main
  dependencies:
    libblas: '>=3.8.0,<4.0a0'
    libcblas: '>=3.8.0,<4.0a0'
    libgcc-ng: '>=9.3.0'
    libgfortran-ng: ''
    libgfortran5: '>=9.3.0'
    liblapack: '>=3.8.0,<4.0a0'
    libstdcxx-ng: '>=9.3.0'
    numpy: '>=1.16.6,<2.0a0'
    python: '>=3.7,<3.8.0a0'
    python_abi: 3.7.* *_cp37m
  hash:
    md5: fe9b5f9c53e6e49bd71d6ad25fac18e7
    sha256: bb9ea0b8168729d8d7e8bc26c17a2acd70da0ebda8cee0513565d39c6a4c8b48
  manager: conda
  name: scipy
  optional: false
  platform: linux-64
  url: https://conda.anaconda.org/conda-forge/linux-64/scipy-1.6.0-py37h14a347d_0.tar.bz2
  version: 1.6.0
- category: main
  dependencies:
    certifi: '>=2016.9.26'
    python: '>=3.7,<3.8.0a0'
  hash:
    md5: 1493fff8fb1dc5480a019480cd1bb62e
    sha256: 140c2291e12fbd469fadf979e98694b84579ed8d17c37755dd40206e73caa1b7
  manager: conda
  name: setuptools
  optional: false
  platform: linux-64
  url: https://repo.anaconda.com/pkgs/main/linux-64/setuptools-63.4.1-py37h06a4308_0.conda
  version: 63.4.1
- category: main
  dependencies:
    cycler: '>=0.10'
    freetype: '>=2.9.1,<3.0a0'
    icu: '>=58.2,<59.0a0'
    kiwisolver: ''
    libgcc-ng: '>=7.3.0'
    libpng: '>=1.6.37,<1.7.0a0'
    libstdcxx-ng: '>=7.3.0'
    numpy: '>=1.14.6,<2.0a0'
    pyparsing: ''
    python: '>=3.7,<3.8.0a0'
    python-dateutil: ''
    setuptools: ''
    tk: '>=8.6.8,<8.7.0a0'
    tornado: ''
  hash:
    md5: 507f38e44f5e6d2234573d7eee93f049
    sha256: 9885bf20d3041f9aaa4618c68fd3085d554f317a89010a616a97722e086f485b
  manager: conda
  name: matplotlib-base
  optional: false
  platform: linux-64
  url: https://repo.anaconda.com/pkgs/main/linux-64/matplotlib-base-3.2.1-py37hef1b27d_0.conda
  version: 3.2.1
- category: main
  dependencies:
    decorator: '>=4.3.0'
    python: '>=3.5'
    setuptools: ''
  hash:
    md5: 5aaf85a2001a7d818148794f3099eb5e
    sha256: 428834b2948cdbfd0e7af92a475ae3c3fbe49ddf2de2d5439f75d7ba5e3c5170
  manager: conda
  name: networkx
  optional: false
  platform: linux-64
  url: https://conda.anaconda.org/conda-forge/noarch/networkx-2.4-py_1.tar.bz2
  version: '2.4'
- category: main
  dependencies:
    cairo: '>=1.16.0,<1.17.0a0'
    fontconfig: '>=2.13.1,<3.0a0'
    freetype: '>=2.9.1,<3.0a0'
    fribidi: '>=1.0.9,<2.0a0'
    glib: '>=2.58.3,<3.0a0'
    harfbuzz: '>=2.4.0,<3.0a0'
    libgcc-ng: '>=7.3.0'
    libpng: '>=1.6.37,<1.7.0a0'
  hash:
    md5: cb86ea27a4aceb0e9d7e1f8d59a7e3f3
    sha256: 6054e9cc1b2316f6e63498fd1a5f33705f31e6c40f42e71b472c12415ff6a113
  manager: conda
  name: pango
  optional: false
  platform: linux-64
  url: https://conda.anaconda.org/conda-forge/linux-64/pango-1.42.4-h7062337_4.tar.bz2
  version: 1.42.4
- category: main
  dependencies:
    numpy: '>=1.4.0'
    python: '>=3.6'
    scipy: ''
    six: ''
  hash:
    md5: 2e4e8be763551f60bbfcc22b650e5d49
    sha256: 66928a4514dbb08e6e5b61f308e2d52fbc404534b7cb942cdbfc1dc06450287e
  manager: conda
  name: patsy
  optional: false
  platform: linux-64
  url: https://conda.anaconda.org/conda-forge/noarch/patsy-0.5.2-pyhd8ed1ab_0.tar.bz2
  version: 0.5.2
- category: main
  dependencies:
    python: '>=3.7,<3.8.0a0'
    setuptools: ''
    wheel: ''
  hash:
    md5: f76956f3647aedaca145c481936aab49
    sha256: e7f57f6affa8c1584e6c735b3e42c4871621da837a7d68b8a1714bf07ef8f107
  manager: conda
  name: pip
  optional: false
  platform: linux-64
  url: https://repo.anaconda.com/pkgs/main/linux-64/pip-22.1.2-py37h06a4308_0.conda
  version: 22.1.2
- category: main
  dependencies:
    dbus: '>=1.13.2,<2.0a0'
    expat: '>=2.2.6,<3.0a0'
    fontconfig: '>=2.13.0,<3.0a0'
    freetype: '>=2.9.1,<3.0a0'
    glib: '>=2.56.2,<3.0a0'
    gst-plugins-base: '>=1.14.0,<1.15.0a0'
    gstreamer: '>=1.14.0,<1.15.0a0'
    icu: '>=58.2,<59.0a0'
    jpeg: '>=9b,<10a'
    libgcc-ng: '>=7.3.0'
    libpng: '>=1.6.35,<1.7.0a0'
    libstdcxx-ng: '>=7.3.0'
    libxcb: '>=1.13,<2.0a0'
    libxml2: '>=2.9.8,<2.10.0a0'
    openssl: 1.1.*
    sqlite: '>=3.25.3,<4.0a0'
    zlib: '>=1.2.11,<1.3.0a0'
  hash:
    md5: 05507dbc35c46ac5a7066fc860a62341
    sha256: 5085610d80131ae721bd206af12857acaa4bc1b7b0eda6bc07c52f2277e9db25
  manager: conda
  name: qt
  optional: false
  platform: linux-64
  url: https://repo.anaconda.com/pkgs/main/linux-64/qt-5.9.7-h5867ecd_1.conda
  version: 5.9.7
- category: main
  dependencies:
    cairo: '>=1.16.0,<1.17.0a0'
    expat: '>=2.2.5,<3.0.0a0'
    freetype: '>=2.9.1,<3.0a0'
    jpeg: '>=9c,<10a'
    libgcc-ng: '>=7.3.0'
    libpng: '>=1.6.35,<1.7.0a0'
    libstdcxx-ng: '>=7.3.0'
    libtiff: '>=4.0.9,<5.0a0'
    libtool: ''
    libxcb: ''
    pango: '>=1.42.4,<1.43.0a0'
    xorg-libxpm: ''
    xorg-libxrender: ''
    zlib: '>=1.2.11,<1.3.0a0'
  hash:
    md5: 361d28dd5c6afaab5af48c6627060623
    sha256: c1abf0a7c7696c80bbab5d6239e7889f15725b4105976afc08bc29c578edbc46
  manager: conda
  name: graphviz
  optional: false
  platform: linux-64
  url: https://conda.anaconda.org/conda-forge/linux-64/graphviz-2.40.1-h5933667_1.tar.bz2
  version: 2.40.1
- category: main
  dependencies:
    dbus: '>=1.13.6,<2.0a0'
    libgcc-ng: '>=7.3.0'
    libstdcxx-ng: '>=7.3.0'
    python: '>=3.7,<3.8.0a0'
    qt: '>=5.9.7,<5.10.0a0'
    sip: '>=4.19.4,<=4.19.8'
  hash:
    md5: 34034dd1d12bbfc07a6f5df12fb87264
    sha256: c20638a40c4a18a8933524cb0c28d489bac12d3c3a81ae8f883cfa32f723b570
  manager: conda
  name: pyqt
  optional: false
  platform: linux-64
  url: https://conda.anaconda.org/conda-forge/linux-64/pyqt-5.9.2-py37hcca6a23_4.tar.bz2
  version: 5.9.2
- category: main
  dependencies:
    matplotlib-base: '>=2.1.2'
    numpy: '>=1.13.3'
    pandas: '>=0.22.0'
    python: '>=3.6'
    scipy: '>=1.0.1'
  hash:
    md5: 4d65e9ba0a29553a0eed410674eae21a
    sha256: bbeefbf3ba6b20da132cd0d57cba6a32c827392b490c97dcf167d14ee6e8bade
  manager: conda
  name: seaborn-base
  optional: false
  platform: linux-64
  url: https://conda.anaconda.org/conda-forge/noarch/seaborn-base-0.10.1-py_1.tar.bz2
  version: 0.10.1
- category: main
  dependencies:
    libgcc-ng: '>=9.4.0'
    numpy: '>=1.18.5,<2.0a0'
    packaging: ''
    pandas: '>=1.0'
    patsy: '>=0.5.2'
    python: '>=3.7,<3.8.0a0'
    python_abi: 3.7.* *_cp37m
    scipy: '>=1.3'
  hash:
    md5: 5a20e422eab06fff4c16341545dd5cac
    sha256: a43c9ddcf961d0805772220f2e81b252d4cc25bc3b790bdd91a4e46fb12ca495
  manager: conda
  name: statsmodels
  optional: false
  platform: linux-64
  url: https://conda.anaconda.org/conda-forge/linux-64/statsmodels-0.13.2-py37hb1e94ed_0.tar.bz2
  version: 0.13.2
- category: main
  dependencies:
    matplotlib-base: '>=3.2.1,<3.2.2.0a0'
    pyqt: ''
  hash:
    md5: e0f88d5cb3373c9b884be130277c60d6
    sha256: 953a214d6ef62c3220077b27e8984a8462314cbda02009813533f9c4b4498f71
  manager: conda
  name: matplotlib
  optional: false
  platform: linux-64
  url: https://conda.anaconda.org/conda-forge/linux-64/matplotlib-3.2.1-0.tar.bz2
  version: 3.2.1
- category: main
  dependencies:
    graphviz: ''
    pyparsing: '>=2.1.4'
    python: '>=3.7,<3.8.0a0'
    python_abi: 3.7.* *_cp37m
  hash:
    md5: 7f5e71ddd9ebe6fa575ce4748faf52b2
    sha256: 94faa786d09a13a3a0d0d0d1c22effcad8257a6f2bc5aedcb36a31b196f6121b
  manager: conda
  name: pydot
  optional: false
  platform: linux-64
  url: https://conda.anaconda.org/conda-forge/linux-64/pydot-1.4.1-py37h89c1867_1003.tar.bz2
  version: 1.4.1
- category: main
  dependencies:
    seaborn-base: '>=0.10.1,<0.10.2.0a0'
    statsmodels: '>=0.8.0'
  hash:
    md5: 3e824a543087e5bd952d671e9ec4c4b2
    sha256: 8578a891e8ac1e8973ac092831e1cf46df1cc308ef6acc09b55d4cf6500289f8
  manager: conda
  name: seaborn
  optional: false
  platform: linux-64
  url: https://conda.anaconda.org/conda-forge/linux-64/seaborn-0.10.1-1.tar.bz2
  version: 0.10.1
version: 1
