# Generated by conda-lock.
# platform: linux-64
# input_hash: 8a83b62fe6781459152d936cce40aec10147566c9e7f8500c50203f75fd0441b
@EXPLICIT
https://conda.anaconda.org/conda-forge/linux-64/_libgcc_mutex-0.1-main.tar.bz2#aeab635f2cfd266ff89877d8daa56435
https://conda.anaconda.org/conda-forge/linux-64/ca-certificates-2022.6.15-ha878542_0.tar.bz2#c320890f77fd1d617fa876e0982002c2
https://repo.anaconda.com/pkgs/main/linux-64/ld_impl_linux-64-2.38-h1181459_1.conda#68eedfd9c06f2b0e6888d8db345b7f5b
https://conda.anaconda.org/conda-forge/linux-64/libgfortran5-12.1.0-hdcd56e2_16.tar.bz2#b02605b875559ff99f04351fd5040760
https://repo.anaconda.com/pkgs/main/linux-64/libstdcxx-ng-11.2.0-h1234567_1.conda#57623d10a70e09e1d048c2b2b6f4e2dd
https://conda.anaconda.org/conda-forge/linux-64/libgfortran-ng-12.1.0-h69a702a_16.tar.bz2#6bf15e29a20f614b18ae89368260d0a2
https://repo.anaconda.com/pkgs/main/linux-64/libgomp-11.2.0-h1234567_1.conda#b372c0eea9b60732fdae4b817a63c8cd
https://repo.anaconda.com/pkgs/main/linux-64/_openmp_mutex-5.1-1_gnu.conda#71d281e9c2192cb3fa425655a8defb85
https://repo.anaconda.com/pkgs/main/linux-64/libgcc-ng-11.2.0-h1234567_1.conda#a87728dabf3151fb9cfa990bd2eb0464
https://conda.anaconda.org/conda-forge/linux-64/expat-2.4.8-h27087fc_0.tar.bz2#e1b07832504eeba765d648389cc387a9
https://conda.anaconda.org/conda-forge/linux-64/fribidi-1.0.10-h36c2ea0_0.tar.bz2#ac7bc6a654f8f41b352b38f4051135f8
https://conda.anaconda.org/conda-forge/linux-64/graphite2-1.3.13-h58526e2_1001.tar.bz2#8c54672728e8ec6aa6db90cf2806d220
https://conda.anaconda.org/conda-forge/linux-64/icu-58.2-hf484d3e_1000.tar.bz2#3749214646d41293022b45ce51386141
https://conda.anaconda.org/conda-forge/linux-64/jpeg-9e-h166bdaf_1.tar.bz2#4828c7f7208321cfbede4880463f4930
https://repo.anaconda.com/pkgs/main/linux-64/libffi-3.3-he6710b0_2.conda#88a54b8f50e351c650e16f4ee781440c
https://conda.anaconda.org/conda-forge/linux-64/libiconv-1.16-h516909a_0.tar.bz2#5c0f338a513a2943c659ae619fca9211
https://conda.anaconda.org/conda-forge/linux-64/libopenblas-0.3.20-pthreads_h78a6416_0.tar.bz2#9b6d0781953c9e353faee494336cc229
https://conda.anaconda.org/conda-forge/linux-64/libtool-2.4.6-h9c3ff4c_1008.tar.bz2#16e143a1ed4b4fd169536373957f6fee
https://conda.anaconda.org/conda-forge/linux-64/libuuid-2.32.1-h7f98852_1000.tar.bz2#772d69f030955d9646d3d0eaf21d859d
https://repo.anaconda.com/pkgs/main/linux-64/ncurses-6.3-h5eee18b_3.conda#0c616f387885c1bbb57ec0bd1e779ced
https://conda.anaconda.org/conda-forge/linux-64/openssl-1.1.1o-h166bdaf_0.tar.bz2#6172048796b123e542945d998f5150b7
https://conda.anaconda.org/conda-forge/linux-64/pcre-8.45-h9c3ff4c_0.tar.bz2#c05d1820a6d34ff07aaaab7a9b7eddaa
https://conda.anaconda.org/conda-forge/linux-64/pixman-0.38.0-h516909a_1003.tar.bz2#7c0b1414e5af196415f7808fbd704143
https://conda.anaconda.org/conda-forge/linux-64/pthread-stubs-0.4-h36c2ea0_1001.tar.bz2#22dad4df6e8630e8dff2428f6f6a7036
https://conda.anaconda.org/conda-forge/linux-64/xorg-kbproto-1.0.7-h7f98852_1002.tar.bz2#4b230e8381279d76131116660f5a241a
https://conda.anaconda.org/conda-forge/linux-64/xorg-libice-1.0.10-h7f98852_0.tar.bz2#d6b0b50b49eccfe0be0373be628be0f3
https://conda.anaconda.org/conda-forge/linux-64/xorg-libxau-1.0.9-h7f98852_0.tar.bz2#bf6f803a544f26ebbdc3bfff272eb179
https://conda.anaconda.org/conda-forge/linux-64/xorg-libxdmcp-1.1.3-h7f98852_0.tar.bz2#be93aabceefa2fac576e971aef407908
https://conda.anaconda.org/conda-forge/linux-64/xorg-renderproto-0.11.1-h7f98852_1002.tar.bz2#06feff3d2634e3097ce2fe681474b534
https://conda.anaconda.org/conda-forge/linux-64/xorg-xextproto-7.3.0-h7f98852_1002.tar.bz2#1e15f6ad85a7d743a2ac68dae6c82b98
https://conda.anaconda.org/conda-forge/linux-64/xorg-xproto-7.0.31-h7f98852_1007.tar.bz2#b4a4381d54784606820704f7b5f05a15
https://repo.anaconda.com/pkgs/main/linux-64/xz-5.2.5-h7f8727e_1.conda#5d01fcf310bf465237f6b95a019d73bc
https://repo.anaconda.com/pkgs/main/linux-64/zlib-1.2.12-h7f8727e_2.conda#4f4080e9939f082332cd8be7fedad087
https://conda.anaconda.org/conda-forge/linux-64/gettext-0.19.8.1-h0b5b191_1005.tar.bz2#ff6f69b593a9e74c0e6b61908ac513fa
https://conda.anaconda.org/conda-forge/linux-64/libblas-3.9.0-15_linux64_openblas.tar.bz2#04eb983975a1be3e57d6d667414cd774
https://conda.anaconda.org/conda-forge/linux-64/libpng-1.6.37-h21135ba_2.tar.bz2#b6acf807307d033d4b7e758b4f44b036
https://conda.anaconda.org/conda-forge/linux-64/libtiff-4.0.9-h648cc4a_1002.tar.bz2#075efa5d19b62b54432a5aa86fdf464f
https://conda.anaconda.org/conda-forge/linux-64/libxcb-1.13-h7f98852_1004.tar.bz2#b3653fdc58d03face9724f602218a904
https://conda.anaconda.org/conda-forge/linux-64/libxml2-2.9.9-h13577e0_2.tar.bz2#083a2da17cdca5e6f2bdc9d05a189baf
https://repo.anaconda.com/pkgs/main/linux-64/readline-8.1.2-h7f8727e_1.conda#ea33f478fea12406f394944e7e4f3d20
https://repo.anaconda.com/pkgs/main/linux-64/tk-8.6.12-h1ccaba5_0.conda#fa10ff4aa631fa4aa090a6234d7770b9
https://conda.anaconda.org/conda-forge/linux-64/xorg-libsm-1.2.3-hd9c2040_1000.tar.bz2#9e856f78d5c80d5a78f61e72d1d473a3
https://conda.anaconda.org/conda-forge/linux-64/freetype-2.10.4-h0708190_1.tar.bz2#4a06f2ac2e5bfae7b6b245171c3f07aa
https://conda.anaconda.org/conda-forge/linux-64/libcblas-3.9.0-15_linux64_openblas.tar.bz2#f45968428e445fd0c6472b561145812a
https://conda.anaconda.org/conda-forge/linux-64/libglib-2.68.4-h3e27bee_0.tar.bz2#23767bef4fd0fb2bda64405df72c9454
https://conda.anaconda.org/conda-forge/linux-64/liblapack-3.9.0-15_linux64_openblas.tar.bz2#b7078220384b8bf8db1a45e66412ac4f
https://repo.anaconda.com/pkgs/main/linux-64/sqlite-3.39.2-h5082296_0.conda#094229a2e1eff038c38f3c34db9c48ce
https://conda.anaconda.org/conda-forge/linux-64/xorg-libx11-1.7.2-h7f98852_0.tar.bz2#12a61e640b8894504326aadafccbb790
https://conda.anaconda.org/conda-forge/linux-64/fontconfig-2.14.0-h8e229c2_0.tar.bz2#f314f79031fec74adc9bff50fbaffd89
https://conda.anaconda.org/conda-forge/linux-64/glib-tools-2.68.4-h9c3ff4c_0.tar.bz2#1e3e305bf1db79b99c3255b557751519
https://repo.anaconda.com/pkgs/main/linux-64/python-3.7.7-hcff3b4d_5.conda#c5ae8ebfd690edb055f6dafdfa0c9aff
https://conda.anaconda.org/conda-forge/linux-64/xorg-libxext-1.3.4-h7f98852_1.tar.bz2#536cc5db4d0a3ba0630541aec064b5e4
https://conda.anaconda.org/conda-forge/linux-64/xorg-libxrender-0.9.10-h7f98852_1003.tar.bz2#f59c1242cc1dd93e72c2ee2b360979eb
https://conda.anaconda.org/conda-forge/linux-64/xorg-libxt-1.2.1-h7f98852_2.tar.bz2#60d6eec5273f1c9af096c10c268912e3
https://conda.anaconda.org/conda-forge/noarch/cycler-0.11.0-pyhd8ed1ab_0.tar.bz2#a50559fad0affdbb33729a68669ca1cb
https://conda.anaconda.org/conda-forge/noarch/decorator-5.1.1-pyhd8ed1ab_0.tar.bz2#43afe5ab04e35e17ba28649471dd7364
https://conda.anaconda.org/conda-forge/linux-64/glib-2.68.4-h9c3ff4c_0.tar.bz2#8b8a2eca3496b279cd4f45888490437f
https://conda.anaconda.org/conda-forge/noarch/pyparsing-3.0.9-pyhd8ed1ab_0.tar.bz2#e8fbc1b54b25f4b08281467bc13b70cc
https://conda.anaconda.org/conda-forge/linux-64/python_abi-3.7-2_cp37m.tar.bz2#afff88bf9a7048da740c70aeb8cdbb82
https://conda.anaconda.org/conda-forge/noarch/pytz-2022.2.1-pyhd8ed1ab_0.tar.bz2#974bca71d00364630f63f31fa7e059cb
https://conda.anaconda.org/conda-forge/linux-64/sip-4.19.8-py37hf484d3e_1000.tar.bz2#895d4fd4df8e196d48416de936e3ee74
https://conda.anaconda.org/conda-forge/noarch/six-1.16.0-pyh6c4a22f_0.tar.bz2#e5f25f8dbc060e9a8d912e432202afc2
https://conda.anaconda.org/conda-forge/noarch/termcolor-1.1.0-pyhd8ed1ab_3.tar.bz2#2a28d2137388d7c6a903f29319f262bc
https://conda.anaconda.org/conda-forge/noarch/typing_extensions-4.3.0-pyha770c72_0.tar.bz2#a9d85960bc62d53cc4ea0d1d27f73c98
https://conda.anaconda.org/conda-forge/noarch/wheel-0.37.1-pyhd8ed1ab_0.tar.bz2#1ca02aaf78d9c70d9a81a3bed5752022
https://conda.anaconda.org/conda-forge/linux-64/xorg-libxpm-3.5.13-h7f98852_0.tar.bz2#2bbe4b67a97c9d18a807598941fc3b4c
https://conda.anaconda.org/conda-forge/linux-64/cairo-1.16.0-h18b612c_1001.tar.bz2#c82ead342a0697953d3dbf00e5c44dd0
https://conda.anaconda.org/conda-forge/linux-64/certifi-2022.6.15-py37h89c1867_0.tar.bz2#594adc93177a269d5b88c557aa8b6212
https://conda.anaconda.org/conda-forge/linux-64/dbus-1.13.6-h48d8840_2.tar.bz2#eba672c69baf366fdedd1c6f702dbb81
https://repo.anaconda.com/pkgs/main/linux-64/gstreamer-1.14.0-h28cd5cc_2.conda#6af5d0cbd7310e1cd8a6a5c1c99649b2
https://conda.anaconda.org/conda-forge/linux-64/numpy-1.19.4-py37haa41c4c_2.tar.bz2#6773487cb6f428defe5f3183207e488c
https://conda.anaconda.org/conda-forge/noarch/packaging-21.3-pyhd8ed1ab_0.tar.bz2#71f1ab2de48613876becddd496371c85
https://conda.anaconda.org/conda-forge/noarch/python-dateutil-2.8.2-pyhd8ed1ab_0.tar.bz2#dd999d1cc9f79e67dbb855c8924c7984
https://conda.anaconda.org/conda-forge/linux-64/tornado-6.1-py37h540881e_3.tar.bz2#cefcf010486b0fae86a5925665bcd260
https://conda.anaconda.org/conda-forge/noarch/typing-extensions-4.3.0-hd8ed1ab_0.tar.bz2#f3e98e944832fb271a0dbda7b7771dc6
https://repo.anaconda.com/pkgs/main/linux-64/gst-plugins-base-1.14.0-hbbd80ab_1.conda#4461ffa28478fe3ca9d0bea4e3395ed8
https://conda.anaconda.org/conda-forge/linux-64/harfbuzz-2.4.0-h37c48d4_1.tar.bz2#ad5cb59b1ffe9f4bf015379fe79b2130
https://conda.anaconda.org/conda-forge/linux-64/kiwisolver-1.4.2-py37h7cecad7_1.tar.bz2#3662ee7448c50346d2c0ca7243af3d4c
https://repo.anaconda.com/pkgs/main/linux-64/pandas-1.2.0-py37ha9443f7_0.conda#5caac245fdba4cb08a3043f9543b2889
https://conda.anaconda.org/conda-forge/linux-64/scipy-1.6.0-py37h14a347d_0.tar.bz2#fe9b5f9c53e6e49bd71d6ad25fac18e7
https://repo.anaconda.com/pkgs/main/linux-64/setuptools-63.4.1-py37h06a4308_0.conda#1493fff8fb1dc5480a019480cd1bb62e
https://repo.anaconda.com/pkgs/main/linux-64/matplotlib-base-3.2.1-py37hef1b27d_0.conda#507f38e44f5e6d2234573d7eee93f049
https://conda.anaconda.org/conda-forge/noarch/networkx-2.4-py_1.tar.bz2#5aaf85a2001a7d818148794f3099eb5e
https://conda.anaconda.org/conda-forge/linux-64/pango-1.42.4-h7062337_4.tar.bz2#cb86ea27a4aceb0e9d7e1f8d59a7e3f3
https://conda.anaconda.org/conda-forge/noarch/patsy-0.5.2-pyhd8ed1ab_0.tar.bz2#2e4e8be763551f60bbfcc22b650e5d49
https://repo.anaconda.com/pkgs/main/linux-64/pip-22.1.2-py37h06a4308_0.conda#f76956f3647aedaca145c481936aab49
https://repo.anaconda.com/pkgs/main/linux-64/qt-5.9.7-h5867ecd_1.conda#05507dbc35c46ac5a7066fc860a62341
https://conda.anaconda.org/conda-forge/linux-64/graphviz-2.40.1-h5933667_1.tar.bz2#361d28dd5c6afaab5af48c6627060623
https://conda.anaconda.org/conda-forge/linux-64/pyqt-5.9.2-py37hcca6a23_4.tar.bz2#34034dd1d12bbfc07a6f5df12fb87264
https://conda.anaconda.org/conda-forge/noarch/seaborn-base-0.10.1-py_1.tar.bz2#4d65e9ba0a29553a0eed410674eae21a
https://conda.anaconda.org/conda-forge/linux-64/statsmodels-0.13.2-py37hb1e94ed_0.tar.bz2#5a20e422eab06fff4c16341545dd5cac
https://conda.anaconda.org/conda-forge/linux-64/matplotlib-3.2.1-0.tar.bz2#e0f88d5cb3373c9b884be130277c60d6
https://conda.anaconda.org/conda-forge/linux-64/pydot-1.4.1-py37h89c1867_1003.tar.bz2#7f5e71ddd9ebe6fa575ce4748faf52b2
https://conda.anaconda.org/conda-forge/linux-64/seaborn-0.10.1-1.tar.bz2#3e824a543087e5bd952d671e9ec4c4b2
